{
  "name": "yacs-prereq",
  "version": "0.1.0",
  "lockfileVersion": 1,
  "dependencies": {
    "@types/d3": {
      "version": "4.9.0",
      "resolved": "https://registry.npmjs.org/@types/d3/-/d3-4.9.0.tgz",
      "integrity": "sha1-TkUYxMz0Qu3UN6WO5fUSm+YTQrk=",
      "dev": true
    },
    "@types/d3-array": {
      "version": "1.2.0",
      "resolved": "https://registry.npmjs.org/@types/d3-array/-/d3-array-1.2.0.tgz",
      "integrity": "sha1-mx/DIC/BqffaDyhzvTi0QxN6nTQ=",
      "dev": true
    },
    "@types/d3-axis": {
      "version": "1.0.8",
      "resolved": "https://registry.npmjs.org/@types/d3-axis/-/d3-axis-1.0.8.tgz",
      "integrity": "sha1-hKdpgjuEFhEBcco2GCJ2EHJuccQ=",
      "dev": true
    },
    "@types/d3-brush": {
      "version": "1.0.7",
      "resolved": "https://registry.npmjs.org/@types/d3-brush/-/d3-brush-1.0.7.tgz",
      "integrity": "sha1-BcMEQPTVN/0j+Xaw5sS6IjAB70U=",
      "dev": true
    },
    "@types/d3-chord": {
      "version": "1.0.6",
      "resolved": "https://registry.npmjs.org/@types/d3-chord/-/d3-chord-1.0.6.tgz",
      "integrity": "sha1-BYnrl6MZH07a8Xt73kmEYokM4ew=",
      "dev": true
    },
    "@types/d3-collection": {
      "version": "1.0.5",
      "resolved": "https://registry.npmjs.org/@types/d3-collection/-/d3-collection-1.0.5.tgz",
      "integrity": "sha1-ux86qXzcjYgWRVQbnWz4ft/um8M=",
      "dev": true
    },
    "@types/d3-color": {
      "version": "1.0.5",
      "resolved": "https://registry.npmjs.org/@types/d3-color/-/d3-color-1.0.5.tgz",
      "integrity": "sha1-ytdV8Pxt57cPpuXgivqB70wiSN4=",
      "dev": true
    },
    "@types/d3-dispatch": {
      "version": "1.0.5",
      "resolved": "https://registry.npmjs.org/@types/d3-dispatch/-/d3-dispatch-1.0.5.tgz",
      "integrity": "sha1-8fkYe1OOywUVdWnY3C9w37BPG1I=",
      "dev": true
    },
    "@types/d3-drag": {
      "version": "1.1.0",
      "resolved": "https://registry.npmjs.org/@types/d3-drag/-/d3-drag-1.1.0.tgz",
      "integrity": "sha1-kQXjXKWKoMR4PzzoMIK8skzLaWA=",
      "dev": true
    },
    "@types/d3-dsv": {
      "version": "1.0.30",
      "resolved": "https://registry.npmjs.org/@types/d3-dsv/-/d3-dsv-1.0.30.tgz",
      "integrity": "sha1-eODd3eQoNWb0Y+UVUal6Y8Fw1ag=",
      "dev": true
    },
    "@types/d3-ease": {
      "version": "1.0.7",
      "resolved": "https://registry.npmjs.org/@types/d3-ease/-/d3-ease-1.0.7.tgz",
      "integrity": "sha1-k6MBhovp4VBh89RDQ7GrP4rLbwk=",
      "dev": true
    },
    "@types/d3-force": {
      "version": "1.0.7",
      "resolved": "https://registry.npmjs.org/@types/d3-force/-/d3-force-1.0.7.tgz",
      "integrity": "sha1-jjxTNpcUPrtwJ11WhAIG6Lp4kYU=",
      "dev": true
    },
    "@types/d3-format": {
      "version": "1.2.0",
      "resolved": "https://registry.npmjs.org/@types/d3-format/-/d3-format-1.2.0.tgz",
      "integrity": "sha1-PhKO/J5t0J34/SHx2YGraOFAqKI=",
      "dev": true
    },
    "@types/d3-geo": {
      "version": "1.6.3",
      "resolved": "https://registry.npmjs.org/@types/d3-geo/-/d3-geo-1.6.3.tgz",
      "integrity": "sha1-IbUB0f4iTYiHfzn4TLjJ3Yqhvyg=",
      "dev": true
    },
    "@types/d3-hierarchy": {
      "version": "1.1.0",
      "resolved": "https://registry.npmjs.org/@types/d3-hierarchy/-/d3-hierarchy-1.1.0.tgz",
      "integrity": "sha1-UPHuBShAY4A1y91KyrH8NHCQWQc=",
      "dev": true
    },
    "@types/d3-interpolate": {
      "version": "1.1.6",
      "resolved": "https://registry.npmjs.org/@types/d3-interpolate/-/d3-interpolate-1.1.6.tgz",
      "integrity": "sha1-ZAQbFcnAMsNI2hsiuqvFn6TRYTY=",
      "dev": true
    },
    "@types/d3-path": {
      "version": "1.0.6",
      "resolved": "https://registry.npmjs.org/@types/d3-path/-/d3-path-1.0.6.tgz",
      "integrity": "sha512-YHW4cs+wOU9gFUzudjJs9TkrB/8GOgKhq32ZyNaZ2rzZjOhkqG486sGr9XSh4C91CcgIg1FRGoDaN29Ropx9nw==",
      "dev": true
    },
    "@types/d3-polygon": {
      "version": "1.0.5",
      "resolved": "https://registry.npmjs.org/@types/d3-polygon/-/d3-polygon-1.0.5.tgz",
      "integrity": "sha1-Na1U7YTDnX6fElK2U1vmAL5srOI=",
      "dev": true
    },
    "@types/d3-quadtree": {
      "version": "1.0.5",
      "resolved": "https://registry.npmjs.org/@types/d3-quadtree/-/d3-quadtree-1.0.5.tgz",
      "integrity": "sha1-HOHmWerkUw3wyxJ/KX8XQaNnqC4=",
      "dev": true
    },
    "@types/d3-queue": {
      "version": "3.0.5",
      "resolved": "https://registry.npmjs.org/@types/d3-queue/-/d3-queue-3.0.5.tgz",
      "integrity": "sha1-Pky+Kv9h22oLK4xIACmeTsasyFA=",
      "dev": true
    },
    "@types/d3-random": {
      "version": "1.1.0",
      "resolved": "https://registry.npmjs.org/@types/d3-random/-/d3-random-1.1.0.tgz",
      "integrity": "sha1-LdCPEVnHBxknDkp8g0r4XIuI0sM=",
      "dev": true
    },
    "@types/d3-request": {
      "version": "1.0.2",
      "resolved": "https://registry.npmjs.org/@types/d3-request/-/d3-request-1.0.2.tgz",
      "integrity": "sha1-2524FU9HgWWEcGxub3Ar5m8i9L4=",
      "dev": true
    },
    "@types/d3-scale": {
      "version": "1.0.9",
      "resolved": "https://registry.npmjs.org/@types/d3-scale/-/d3-scale-1.0.9.tgz",
      "integrity": "sha1-jAiRpUC7S0vc0N0E6FnGN9o5Fo8=",
      "dev": true
    },
    "@types/d3-selection": {
      "version": "1.1.0",
      "resolved": "https://registry.npmjs.org/@types/d3-selection/-/d3-selection-1.1.0.tgz",
      "integrity": "sha1-WbiPENLP99n/1/6Yazqu894EgiQ=",
      "dev": true
    },
    "@types/d3-shape": {
      "version": "1.2.0",
      "resolved": "https://registry.npmjs.org/@types/d3-shape/-/d3-shape-1.2.0.tgz",
      "integrity": "sha1-UgoS04Z+YdH9Scdaj/p85ZbKtD4=",
      "dev": true
    },
    "@types/d3-time": {
      "version": "1.0.6",
      "resolved": "https://registry.npmjs.org/@types/d3-time/-/d3-time-1.0.6.tgz",
      "integrity": "sha1-QgDlda7lke5weNSlwjXf9p2t94I=",
      "dev": true
    },
    "@types/d3-time-format": {
      "version": "2.0.5",
      "resolved": "https://registry.npmjs.org/@types/d3-time-format/-/d3-time-format-2.0.5.tgz",
      "integrity": "sha1-HUxbp37VNSsQx/zgYsiDOC8eFuA=",
      "dev": true
    },
    "@types/d3-timer": {
      "version": "1.0.6",
      "resolved": "https://registry.npmjs.org/@types/d3-timer/-/d3-timer-1.0.6.tgz",
      "integrity": "sha1-eG1OIHMa3wOvLF32yG/ilmf+Qps=",
      "dev": true
    },
    "@types/d3-transition": {
      "version": "1.1.0",
      "resolved": "https://registry.npmjs.org/@types/d3-transition/-/d3-transition-1.1.0.tgz",
      "integrity": "sha1-dEddSo+KCUSlF9XvhhlwzDAofkA=",
      "dev": true
    },
    "@types/d3-voronoi": {
      "version": "1.1.6",
      "resolved": "https://registry.npmjs.org/@types/d3-voronoi/-/d3-voronoi-1.1.6.tgz",
      "integrity": "sha1-tSJSwdYZcufHURNYkK6hEtXa3G0=",
      "dev": true
    },
    "@types/d3-zoom": {
      "version": "1.2.0",
      "resolved": "https://registry.npmjs.org/@types/d3-zoom/-/d3-zoom-1.2.0.tgz",
      "integrity": "sha1-zPq4fZX6+n9HHxEsHLCXkCtQaLU=",
      "dev": true
    },
    "@types/geojson": {
      "version": "1.0.2",
      "resolved": "https://registry.npmjs.org/@types/geojson/-/geojson-1.0.2.tgz",
      "integrity": "sha1-sC0QqwKOKSisWSoFGqpJgaGUHQM=",
      "dev": true
    },
    "commander": {
      "version": "https://registry.npmjs.org/commander/-/commander-2.9.0.tgz",
      "integrity": "sha1-nJkJQXbhIkDLItbFFGCYQA/g99Q="
    },
    "d3": {
      "version": "4.9.1",
      "resolved": "https://registry.npmjs.org/d3/-/d3-4.9.1.tgz",
      "integrity": "sha1-+GC+klImGjwU7qZLHSWQ0U9NuDg="
    },
    "d3-array": {
      "version": "https://registry.npmjs.org/d3-array/-/d3-array-1.2.0.tgz",
      "integrity": "sha1-FH0mlyDhdMQFen9CvosPPyulMQg="
    },
    "d3-axis": {
      "version": "https://registry.npmjs.org/d3-axis/-/d3-axis-1.0.7.tgz",
      "integrity": "sha1-BIQz0wcGH2LR0kjikwwB17ZzjNg="
    },
    "d3-brush": {
      "version": "https://registry.npmjs.org/d3-brush/-/d3-brush-1.0.4.tgz",
      "integrity": "sha1-AMLyOAGfJPbAoZSibUGhUw/+e8Q="
    },
    "d3-chord": {
      "version": "https://registry.npmjs.org/d3-chord/-/d3-chord-1.0.4.tgz",
      "integrity": "sha1-fexPC6iG9xP+ERxF92NBT290yiw="
    },
    "d3-collection": {
      "version": "https://registry.npmjs.org/d3-collection/-/d3-collection-1.0.3.tgz",
      "integrity": "sha1-AL3qlPvBYo1DWruuL03CFk433TQ="
    },
    "d3-color": {
      "version": "https://registry.npmjs.org/d3-color/-/d3-color-1.0.3.tgz",
      "integrity": "sha1-vHZD/KjlOoNH4vva/6I2eWtYUJs="
    },
    "d3-dispatch": {
      "version": "https://registry.npmjs.org/d3-dispatch/-/d3-dispatch-1.0.3.tgz",
      "integrity": "sha1-RuFJHqqbWMNY/OW+TovtYm54cfg="
    },
    "d3-drag": {
      "version": "https://registry.npmjs.org/d3-drag/-/d3-drag-1.1.0.tgz",
      "integrity": "sha1-Skm013pC6ePVoO87SSsUqqLlpzM="
    },
    "d3-dsv": {
      "version": "https://registry.npmjs.org/d3-dsv/-/d3-dsv-1.0.5.tgz",
      "integrity": "sha1-QZ99tH9ih4n8P9tjbmeESdCCETY="
    },
    "d3-ease": {
      "version": "https://registry.npmjs.org/d3-ease/-/d3-ease-1.0.3.tgz",
      "integrity": "sha1-aL+8NJM4o4DETYrMT7wzBKotjA4="
    },
    "d3-force": {
      "version": "https://registry.npmjs.org/d3-force/-/d3-force-1.0.6.tgz",
      "integrity": "sha1-6n4bdzDiZkzTFPWU1nGMV8wTK3k="
    },
    "d3-format": {
      "version": "https://registry.npmjs.org/d3-format/-/d3-format-1.2.0.tgz",
      "integrity": "sha1-a0gLqohohdRlHcJIqPSsnaFtsHo="
    },
    "d3-geo": {
      "version": "https://registry.npmjs.org/d3-geo/-/d3-geo-1.6.4.tgz",
      "integrity": "sha1-8g4eRhyxhF9ai+Vatvh2VCp+MZk="
    },
    "d3-hierarchy": {
      "version": "https://registry.npmjs.org/d3-hierarchy/-/d3-hierarchy-1.1.4.tgz",
      "integrity": "sha1-lsOULz8hz5l6EbTt8A3eKne0xtA="
    },
    "d3-interpolate": {
      "version": "https://registry.npmjs.org/d3-interpolate/-/d3-interpolate-1.1.5.tgz",
      "integrity": "sha1-aeCZ/zkhRxblY8muw+qdHqS4p58="
    },
    "d3-path": {
      "version": "https://registry.npmjs.org/d3-path/-/d3-path-1.0.5.tgz",
      "integrity": "sha1-JB6xhJvZ6egCHA0KeZ+KDo5EF2Q="
    },
    "d3-polygon": {
      "version": "https://registry.npmjs.org/d3-polygon/-/d3-polygon-1.0.3.tgz",
      "integrity": "sha1-FoiOkCZGCTPysXllKtN4Ik04LGI="
    },
    "d3-quadtree": {
      "version": "https://registry.npmjs.org/d3-quadtree/-/d3-quadtree-1.0.3.tgz",
      "integrity": "sha1-rHmH4+I/6AWpkPKOG1DTj8uCJDg="
    },
    "d3-queue": {
      "version": "https://registry.npmjs.org/d3-queue/-/d3-queue-3.0.7.tgz",
      "integrity": "sha1-yTouVLQXwJWRKdfXP2z31Ckudhg="
    },
    "d3-random": {
      "version": "https://registry.npmjs.org/d3-random/-/d3-random-1.1.0.tgz",
      "integrity": "sha1-ZkLlBsb6OmSFldKyRpeIqNElKdM="
    },
    "d3-request": {
      "version": "https://registry.npmjs.org/d3-request/-/d3-request-1.0.5.tgz",
      "integrity": "sha1-TarpRtHdDVff4B8CKVY1SVjVHyM="
    },
    "d3-scale": {
      "version": "https://registry.npmjs.org/d3-scale/-/d3-scale-1.0.6.tgz",
      "integrity": "sha1-vOGdqA06DPQiyVQ64zIghiILNO0="
    },
    "d3-selection": {
      "version": "https://registry.npmjs.org/d3-selection/-/d3-selection-1.1.0.tgz",
      "integrity": "sha1-GZhoSJZIj4OcoDchI9o08dMYgJw="
    },
    "d3-shape": {
      "version": "https://registry.npmjs.org/d3-shape/-/d3-shape-1.1.1.tgz",
      "integrity": "sha1-UKEDfkinn1uP2dWM3lJ5musfdyM="
    },
    "d3-time": {
      "version": "https://registry.npmjs.org/d3-time/-/d3-time-1.0.6.tgz",
      "integrity": "sha1-pVsT19FdOhYK6RcIIy4INfHV6UU="
    },
    "d3-time-format": {
      "version": "https://registry.npmjs.org/d3-time-format/-/d3-time-format-2.0.5.tgz",
      "integrity": "sha1-nXeAIE98kRnJFwsaVttN6aivly4="
    },
    "d3-timer": {
      "version": "https://registry.npmjs.org/d3-timer/-/d3-timer-1.0.5.tgz",
      "integrity": "sha1-smbUdscbDSaeesXzUrQQo7b+bvA="
    },
    "d3-transition": {
      "version": "https://registry.npmjs.org/d3-transition/-/d3-transition-1.1.0.tgz",
      "integrity": "sha1-z8hcdOUjkyQpBUZiNXKZBWDDlm8="
    },
    "d3-voronoi": {
      "version": "https://registry.npmjs.org/d3-voronoi/-/d3-voronoi-1.1.2.tgz",
      "integrity": "sha1-Fodmfo8TotFYyAwUgMWinLDYlzw="
    },
    "d3-zoom": {
      "version": "https://registry.npmjs.org/d3-zoom/-/d3-zoom-1.2.0.tgz",
      "integrity": "sha1-syMfT5OGJBR13v4cVXv9P94QZfs="
    },
    "graceful-readlink": {
      "version": "https://registry.npmjs.org/graceful-readlink/-/graceful-readlink-1.0.1.tgz",
      "integrity": "sha1-TK+tdrxi8C+gObL5Tpo906ORpyU="
    },
    "iconv-lite": {
      "version": "https://registry.npmjs.org/iconv-lite/-/iconv-lite-0.4.17.tgz",
      "integrity": "sha1-T9qjs4rLwsAxsEXQ7c3+HsqxjI0="
    },
    "rw": {
      "version": "https://registry.npmjs.org/rw/-/rw-1.3.3.tgz",
      "integrity": "sha1-P4Yt+pGrdmsUiF700BEkv9oHT7Q="
    },
    "xmlhttprequest": {
      "version": "https://registry.npmjs.org/xmlhttprequest/-/xmlhttprequest-1.8.0.tgz",
      "integrity": "sha1-Z/4HXFwk/vOfnWX197f+dRcZaPw="
    }
  }
}
